
Microsoft Visual Studio Solution File, Format Version 12.00
# Visual Studio Version 17
VisualStudioVersion = 17.13.35919.96 d17.13
MinimumVisualStudioVersion = 10.0.40219.1
Project("{FAE04EC0-301F-11D3-BF4B-00C04F79EFBC}") = "WinPDFPresenter", "WinPDFPresenter\WinPDFPresenter.csproj", "{5FE07E15-FD89-4EF4-97BA-06DB0D4F8215}"
EndProject
Project("{840C416C-B8F3-42BC-B0DD-F6BB14C9F8CB}") = "PresenterSetup", "PresenterSetup\PresenterSetup.aiproj", "{8D8DD09C-92F7-4770-9F16-A7F0E9E46BE1}"
EndProject
Global
	GlobalSection(SolutionConfigurationPlatforms) = preSolution
		Debug|Any CPU = Debug|Any CPU
		DefaultBuild|Any CPU = DefaultBuild|Any CPU
		Release|Any CPU = Release|Any CPU
	EndGlobalSection
	GlobalSection(ProjectConfigurationPlatforms) = postSolution
		{5FE07E15-FD89-4EF4-97BA-06DB0D4F8215}.Debug|Any CPU.ActiveCfg = Debug|Any CPU
		{5FE07E15-FD89-4EF4-97BA-06DB0D4F8215}.Debug|Any CPU.Build.0 = Debug|Any CPU
		{5FE07E15-FD89-4EF4-97BA-06DB0D4F8215}.DefaultBuild|Any CPU.ActiveCfg = Release|Any CPU
		{5FE07E15-FD89-4EF4-97BA-06DB0D4F8215}.DefaultBuild|Any CPU.Build.0 = Release|Any CPU
		{5FE07E15-FD89-4EF4-97BA-06DB0D4F8215}.Release|Any CPU.ActiveCfg = Release|Any CPU
		{5FE07E15-FD89-4EF4-97BA-06DB0D4F8215}.Release|Any CPU.Build.0 = Release|Any CPU
		{8D8DD09C-92F7-4770-9F16-A7F0E9E46BE1}.Debug|Any CPU.ActiveCfg = DefaultBuild
		{8D8DD09C-92F7-4770-9F16-A7F0E9E46BE1}.Debug|Any CPU.Build.0 = DefaultBuild
		{8D8DD09C-92F7-4770-9F16-A7F0E9E46BE1}.DefaultBuild|Any CPU.ActiveCfg = DefaultBuild
		{8D8DD09C-92F7-4770-9F16-A7F0E9E46BE1}.DefaultBuild|Any CPU.Build.0 = DefaultBuild
		{8D8DD09C-92F7-4770-9F16-A7F0E9E46BE1}.Release|Any CPU.ActiveCfg = DefaultBuild
		{8D8DD09C-92F7-4770-9F16-A7F0E9E46BE1}.Release|Any CPU.Build.0 = DefaultBuild
	EndGlobalSection
	GlobalSection(SolutionProperties) = preSolution
		HideSolutionNode = FALSE
	EndGlobalSection
EndGlobal
