
Microsoft Visual Studio Solution File, Format Version 12.00
Project("{FAE04EC0-301F-11D3-BF4B-00C04F79EFBC}") = "WinPDFPresenter", "WinPDFPresenter.csproj", "{5FE07E15-FD89-4EF4-97BA-06DB0D4F8215}"
EndProject
Global
	GlobalSection(SolutionConfigurationPlatforms) = preSolution
		Debug|Any CPU = Debug|Any CPU
		Release|Any CPU = Release|Any CPU
	EndGlobalSection
	GlobalSection(ProjectConfigurationPlatforms) = postSolution
		{5FE07E15-FD89-4EF4-97BA-06DB0D4F8215}.Debug|Any CPU.ActiveCfg = Debug|Any CPU
		{5FE07E15-FD89-4EF4-97BA-06DB0D4F8215}.Debug|Any CPU.Build.0 = Debug|Any CPU
		{5FE07E15-FD89-4EF4-97BA-06DB0D4F8215}.Release|Any CPU.ActiveCfg = Release|Any CPU
		{5FE07E15-FD89-4EF4-97BA-06DB0D4F8215}.Release|Any CPU.Build.0 = Release|Any CPU
	EndGlobalSection
EndGlobal
